
Microsoft Visual Studio Solution File, Format Version 12.00
# Visual Studio Version 16
VisualStudioVersion = 16.0.30907.101
MinimumVisualStudioVersion = 10.0.40219.1
Project("{9A19103F-16F7-4668-BE54-9A1E7A4F7556}") = "Metrobus", "Metrobus\Metrobus.csproj", "{87D0CCBB-F6C1-4118-B11F-25D542505C3C}"
EndProject
Global
	GlobalSection(SolutionConfigurationPlatforms) = preSolution
		Debug|Any CPU = Debug|Any CPU
		Release|Any CPU = Release|Any CPU
	EndGlobalSection
	GlobalSection(ProjectConfigurationPlatforms) = postSolution
		{87D0CCBB-F6C1-4118-B11F-25D542505C3C}.Debug|Any CPU.ActiveCfg = Debug|Any CPU
		{87D0CCBB-F6C1-4118-B11F-25D542505C3C}.Debug|Any CPU.Build.0 = Debug|Any CPU
		{87D0CCBB-F6C1-4118-B11F-25D542505C3C}.Release|Any CPU.ActiveCfg = Release|Any CPU
		{87D0CCBB-F6C1-4118-B11F-25D542505C3C}.Release|Any CPU.Build.0 = Release|Any CPU
	EndGlobalSection
	GlobalSection(SolutionProperties) = preSolution
		HideSolutionNode = FALSE
	EndGlobalSection
	GlobalSection(ExtensibilityGlobals) = postSolution
		SolutionGuid = {F66BE35A-426F-4E66-A144-92E123F6A53B}
	EndGlobalSection
EndGlobal
